
Microsoft Visual Studio Solution File, Format Version 12.00
Project("{FAE04EC0-301F-11D3-BF4B-00C04F79EFBC}") = "ReproIDisposableAnalyzers479", "ReproIDisposableAnalyzers479.csproj", "{B0A4FF7A-7703-42E1-84F6-4E83068C5AB5}"
EndProject
Global
	GlobalSection(SolutionConfigurationPlatforms) = preSolution
		Debug|Any CPU = Debug|Any CPU
		Release|Any CPU = Release|Any CPU
	EndGlobalSection
	GlobalSection(ProjectConfigurationPlatforms) = postSolution
		{B0A4FF7A-7703-42E1-84F6-4E83068C5AB5}.Debug|Any CPU.ActiveCfg = Debug|Any CPU
		{B0A4FF7A-7703-42E1-84F6-4E83068C5AB5}.Debug|Any CPU.Build.0 = Debug|Any CPU
		{B0A4FF7A-7703-42E1-84F6-4E83068C5AB5}.Release|Any CPU.ActiveCfg = Release|Any CPU
		{B0A4FF7A-7703-42E1-84F6-4E83068C5AB5}.Release|Any CPU.Build.0 = Release|Any CPU
	EndGlobalSection
EndGlobal
